
Microsoft Visual Studio Solution File, Format Version 12.00
Project("{FAE04EC0-301F-11D3-BF4B-00C04F79EFBC}") = "FuseSearch", "FuseSearch\FuseSearch.csproj", "{F709F68B-B1B7-434C-89BA-77FE052D6397}"
EndProject
Project("{FAE04EC0-301F-11D3-BF4B-00C04F79EFBC}") = "ConsoleApp1", "ConsoleApp1\ConsoleApp1.csproj", "{1E569088-85D7-417D-99BE-F8B65079758B}"
EndProject
Project("{FAE04EC0-301F-11D3-BF4B-00C04F79EFBC}") = "ConsoleApp2", "ConsoleApp2\ConsoleApp2.csproj", "{E781E5EE-B74E-4E69-9B16-528C70BA38C4}"
EndProject
Global
	GlobalSection(SolutionConfigurationPlatforms) = preSolution
		Debug|Any CPU = Debug|Any CPU
		Release|Any CPU = Release|Any CPU
	EndGlobalSection
	GlobalSection(ProjectConfigurationPlatforms) = postSolution
		{F709F68B-B1B7-434C-89BA-77FE052D6397}.Debug|Any CPU.ActiveCfg = Debug|Any CPU
		{F709F68B-B1B7-434C-89BA-77FE052D6397}.Debug|Any CPU.Build.0 = Debug|Any CPU
		{F709F68B-B1B7-434C-89BA-77FE052D6397}.Release|Any CPU.ActiveCfg = Release|Any CPU
		{F709F68B-B1B7-434C-89BA-77FE052D6397}.Release|Any CPU.Build.0 = Release|Any CPU
		{1E569088-85D7-417D-99BE-F8B65079758B}.Debug|Any CPU.ActiveCfg = Debug|Any CPU
		{1E569088-85D7-417D-99BE-F8B65079758B}.Debug|Any CPU.Build.0 = Debug|Any CPU
		{1E569088-85D7-417D-99BE-F8B65079758B}.Release|Any CPU.ActiveCfg = Release|Any CPU
		{1E569088-85D7-417D-99BE-F8B65079758B}.Release|Any CPU.Build.0 = Release|Any CPU
		{E781E5EE-B74E-4E69-9B16-528C70BA38C4}.Debug|Any CPU.ActiveCfg = Debug|Any CPU
		{E781E5EE-B74E-4E69-9B16-528C70BA38C4}.Debug|Any CPU.Build.0 = Debug|Any CPU
		{E781E5EE-B74E-4E69-9B16-528C70BA38C4}.Release|Any CPU.ActiveCfg = Release|Any CPU
		{E781E5EE-B74E-4E69-9B16-528C70BA38C4}.Release|Any CPU.Build.0 = Release|Any CPU
	EndGlobalSection
EndGlobal
